
Microsoft Visual Studio Solution File, Format Version 12.00
# Visual Studio Version 17
VisualStudioVersion = 17.3.32611.2
MinimumVisualStudioVersion = 10.0.40219.1
Project("{9A19103F-16F7-4668-BE54-9A1E7A4F7556}") = "SharedComponents", "SharedComponents\SharedComponents.csproj", "{E473D844-C074-4028-90ED-E5F7089E7E56}"
EndProject
Project("{9A19103F-16F7-4668-BE54-9A1E7A4F7556}") = "WebApplication1", "WebApplication1\WebApplication1.csproj", "{6769BFA0-4DEE-4711-AB26-2812FC0F0B07}"
EndProject
Global
	GlobalSection(SolutionConfigurationPlatforms) = preSolution
		Debug|Any CPU = Debug|Any CPU
		Release|Any CPU = Release|Any CPU
	EndGlobalSection
	GlobalSection(ProjectConfigurationPlatforms) = postSolution
		{E473D844-C074-4028-90ED-E5F7089E7E56}.Debug|Any CPU.ActiveCfg = Debug|Any CPU
		{E473D844-C074-4028-90ED-E5F7089E7E56}.Debug|Any CPU.Build.0 = Debug|Any CPU
		{E473D844-C074-4028-90ED-E5F7089E7E56}.Release|Any CPU.ActiveCfg = Release|Any CPU
		{E473D844-C074-4028-90ED-E5F7089E7E56}.Release|Any CPU.Build.0 = Release|Any CPU
		{6769BFA0-4DEE-4711-AB26-2812FC0F0B07}.Debug|Any CPU.ActiveCfg = Debug|Any CPU
		{6769BFA0-4DEE-4711-AB26-2812FC0F0B07}.Debug|Any CPU.Build.0 = Debug|Any CPU
		{6769BFA0-4DEE-4711-AB26-2812FC0F0B07}.Release|Any CPU.ActiveCfg = Release|Any CPU
		{6769BFA0-4DEE-4711-AB26-2812FC0F0B07}.Release|Any CPU.Build.0 = Release|Any CPU
	EndGlobalSection
	GlobalSection(SolutionProperties) = preSolution
		HideSolutionNode = FALSE
	EndGlobalSection
	GlobalSection(ExtensibilityGlobals) = postSolution
		SolutionGuid = {076BFB1E-D38E-44ED-852E-7D8F7878C38F}
	EndGlobalSection
EndGlobal
