
Microsoft Visual Studio Solution File, Format Version 12.00
# Visual Studio Version 16
VisualStudioVersion = 16.0.30717.126
MinimumVisualStudioVersion = 10.0.40219.1
Project("{FAE04EC0-301F-11D3-BF4B-00C04F79EFBC}") = "WebApplication", "WebApplication\WebApplication.csproj", "{1348E5BB-A056-4EED-A5D0-D0AB34834CD7}"
EndProject
Project("{FAE04EC0-301F-11D3-BF4B-00C04F79EFBC}") = "ClassLibrary", "ClassLibrary\ClassLibrary.csproj", "{2CD7FDA4-0F1F-4717-934B-2AB5664DEDAE}"
EndProject
Global
	GlobalSection(SolutionConfigurationPlatforms) = preSolution
		Debug|Any CPU = Debug|Any CPU
		Release|Any CPU = Release|Any CPU
	EndGlobalSection
	GlobalSection(ProjectConfigurationPlatforms) = postSolution
		{1348E5BB-A056-4EED-A5D0-D0AB34834CD7}.Debug|Any CPU.ActiveCfg = Debug|Any CPU
		{1348E5BB-A056-4EED-A5D0-D0AB34834CD7}.Debug|Any CPU.Build.0 = Debug|Any CPU
		{1348E5BB-A056-4EED-A5D0-D0AB34834CD7}.Release|Any CPU.ActiveCfg = Release|Any CPU
		{1348E5BB-A056-4EED-A5D0-D0AB34834CD7}.Release|Any CPU.Build.0 = Release|Any CPU
		{2CD7FDA4-0F1F-4717-934B-2AB5664DEDAE}.Debug|Any CPU.ActiveCfg = Debug|Any CPU
		{2CD7FDA4-0F1F-4717-934B-2AB5664DEDAE}.Debug|Any CPU.Build.0 = Debug|Any CPU
		{2CD7FDA4-0F1F-4717-934B-2AB5664DEDAE}.Release|Any CPU.ActiveCfg = Release|Any CPU
		{2CD7FDA4-0F1F-4717-934B-2AB5664DEDAE}.Release|Any CPU.Build.0 = Release|Any CPU
	EndGlobalSection
	GlobalSection(SolutionProperties) = preSolution
		HideSolutionNode = FALSE
	EndGlobalSection
	GlobalSection(ExtensibilityGlobals) = postSolution
		SolutionGuid = {D48B3970-3B06-44B7-940A-C88D079AE960}
	EndGlobalSection
EndGlobal
